// !$*UTF8*$!
{
	archiveVersion = 1;
	classes = {
	};
	objectVersion = 46;
	objects = {

/* Begin PBXBuildFile section */
		769A7380A70BF9129B870911 /* libPods-petCemetary.a in Frameworks */ = {isa = PBXBuildFile; fileRef = 8C18959F1EAB3AAFAC7DAF2F /* libPods-petCemetary.a */; };
		9B21FF481DD39C51008AC917 /* main.m in Sources */ = {isa = PBXBuildFile; fileRef = 9B21FF471DD39C51008AC917 /* main.m */; };
		9B21FF4B1DD39C51008AC917 /* AppDelegate.m in Sources */ = {isa = PBXBuildFile; fileRef = 9B21FF4A1DD39C51008AC917 /* AppDelegate.m */; };
		9B21FF4E1DD39C51008AC917 /* ViewController.m in Sources */ = {isa = PBXBuildFile; fileRef = 9B21FF4D1DD39C51008AC917 /* ViewController.m */; };
		9B21FF511DD39C51008AC917 /* Main.storyboard in Resources */ = {isa = PBXBuildFile; fileRef = 9B21FF4F1DD39C51008AC917 /* Main.storyboard */; };
		9B21FF561DD39C51008AC917 /* Assets.xcassets in Resources */ = {isa = PBXBuildFile; fileRef = 9B21FF551DD39C51008AC917 /* Assets.xcassets */; };
		9B21FF591DD39C51008AC917 /* LaunchScreen.storyboard in Resources */ = {isa = PBXBuildFile; fileRef = 9B21FF571DD39C51008AC917 /* LaunchScreen.storyboard */; };
		9B21FF641DD39C51008AC917 /* petCemetaryTests.m in Sources */ = {isa = PBXBuildFile; fileRef = 9B21FF631DD39C51008AC917 /* petCemetaryTests.m */; };
		9B21FF6F1DD39C51008AC917 /* petCemetaryUITests.m in Sources */ = {isa = PBXBuildFile; fileRef = 9B21FF6E1DD39C51008AC917 /* petCemetaryUITests.m */; };
		9B5B10091DD551FB0014EED6 /* GoogleService-Info.plist in Resources */ = {isa = PBXBuildFile; fileRef = 9B5B10081DD551FB0014EED6 /* GoogleService-Info.plist */; };
		9B5B10101DD612A00014EED6 /* LoginViewController.m in Sources */ = {isa = PBXBuildFile; fileRef = 9B5B100F1DD612A00014EED6 /* LoginViewController.m */; };
		9B5B10131DD615E60014EED6 /* UIViewController+Alerts.m in Sources */ = {isa = PBXBuildFile; fileRef = 9B5B10121DD615E60014EED6 /* UIViewController+Alerts.m */; };
		9BB12B2B1DD4ED8700EBBBC5 /* PetsFeedTableViewController.m in Sources */ = {isa = PBXBuildFile; fileRef = 9BB12B2A1DD4ED8700EBBBC5 /* PetsFeedTableViewController.m */; };
/* End PBXBuildFile section */

/* Begin PBXContainerItemProxy section */
		9B21FF601DD39C51008AC917 /* PBXContainerItemProxy */ = {
			isa = PBXContainerItemProxy;
			containerPortal = 9B21FF3B1DD39C51008AC917 /* Project object */;
			proxyType = 1;
			remoteGlobalIDString = 9B21FF421DD39C51008AC917;
			remoteInfo = petCemetary;
		};
		9B21FF6B1DD39C51008AC917 /* PBXContainerItemProxy */ = {
			isa = PBXContainerItemProxy;
			containerPortal = 9B21FF3B1DD39C51008AC917 /* Project object */;
			proxyType = 1;
			remoteGlobalIDString = 9B21FF421DD39C51008AC917;
			remoteInfo = petCemetary;
		};
/* End PBXContainerItemProxy section */

/* Begin PBXFileReference section */
		8C18959F1EAB3AAFAC7DAF2F /* libPods-petCemetary.a */ = {isa = PBXFileReference; explicitFileType = archive.ar; includeInIndex = 0; path = "libPods-petCemetary.a"; sourceTree = BUILT_PRODUCTS_DIR; };
		9B21FF431DD39C51008AC917 /* petCemetary.app */ = {isa = PBXFileReference; explicitFileType = wrapper.application; includeInIndex = 0; path = petCemetary.app; sourceTree = BUILT_PRODUCTS_DIR; };
		9B21FF471DD39C51008AC917 /* main.m */ = {isa = PBXFileReference; lastKnownFileType = sourcecode.c.objc; path = main.m; sourceTree = "<group>"; };
		9B21FF491DD39C51008AC917 /* AppDelegate.h */ = {isa = PBXFileReference; lastKnownFileType = sourcecode.c.h; path = AppDelegate.h; sourceTree = "<group>"; };
		9B21FF4A1DD39C51008AC917 /* AppDelegate.m */ = {isa = PBXFileReference; lastKnownFileType = sourcecode.c.objc; path = AppDelegate.m; sourceTree = "<group>"; };
		9B21FF4C1DD39C51008AC917 /* ViewController.h */ = {isa = PBXFileReference; lastKnownFileType = sourcecode.c.h; path = ViewController.h; sourceTree = "<group>"; };
		9B21FF4D1DD39C51008AC917 /* ViewController.m */ = {isa = PBXFileReference; lastKnownFileType = sourcecode.c.objc; path = ViewController.m; sourceTree = "<group>"; };
		9B21FF501DD39C51008AC917 /* Base */ = {isa = PBXFileReference; lastKnownFileType = file.storyboard; name = Base; path = Base.lproj/Main.storyboard; sourceTree = "<group>"; };
		9B21FF551DD39C51008AC917 /* Assets.xcassets */ = {isa = PBXFileReference; lastKnownFileType = folder.assetcatalog; path = Assets.xcassets; sourceTree = "<group>"; };
		9B21FF581DD39C51008AC917 /* Base */ = {isa = PBXFileReference; lastKnownFileType = file.storyboard; name = Base; path = Base.lproj/LaunchScreen.storyboard; sourceTree = "<group>"; };
		9B21FF5A1DD39C51008AC917 /* Info.plist */ = {isa = PBXFileReference; lastKnownFileType = text.plist.xml; path = Info.plist; sourceTree = "<group>"; };
		9B21FF5F1DD39C51008AC917 /* petCemetaryTests.xctest */ = {isa = PBXFileReference; explicitFileType = wrapper.cfbundle; includeInIndex = 0; path = petCemetaryTests.xctest; sourceTree = BUILT_PRODUCTS_DIR; };
		9B21FF631DD39C51008AC917 /* petCemetaryTests.m */ = {isa = PBXFileReference; lastKnownFileType = sourcecode.c.objc; path = petCemetaryTests.m; sourceTree = "<group>"; };
		9B21FF651DD39C51008AC917 /* Info.plist */ = {isa = PBXFileReference; lastKnownFileType = text.plist.xml; path = Info.plist; sourceTree = "<group>"; };
		9B21FF6A1DD39C51008AC917 /* petCemetaryUITests.xctest */ = {isa = PBXFileReference; explicitFileType = wrapper.cfbundle; includeInIndex = 0; path = petCemetaryUITests.xctest; sourceTree = BUILT_PRODUCTS_DIR; };
		9B21FF6E1DD39C51008AC917 /* petCemetaryUITests.m */ = {isa = PBXFileReference; lastKnownFileType = sourcecode.c.objc; path = petCemetaryUITests.m; sourceTree = "<group>"; };
		9B21FF701DD39C51008AC917 /* Info.plist */ = {isa = PBXFileReference; lastKnownFileType = text.plist.xml; path = Info.plist; sourceTree = "<group>"; };
		9B5B10081DD551FB0014EED6 /* GoogleService-Info.plist */ = {isa = PBXFileReference; fileEncoding = 4; lastKnownFileType = text.plist.xml; path = "GoogleService-Info.plist"; sourceTree = "<group>"; };
		9B5B100A1DD558BB0014EED6 /* petCemetary.entitlements */ = {isa = PBXFileReference; lastKnownFileType = text.plist.entitlements; path = petCemetary.entitlements; sourceTree = "<group>"; };
		9B5B100E1DD612A00014EED6 /* LoginViewController.h */ = {isa = PBXFileReference; fileEncoding = 4; lastKnownFileType = sourcecode.c.h; path = LoginViewController.h; sourceTree = "<group>"; };
		9B5B100F1DD612A00014EED6 /* LoginViewController.m */ = {isa = PBXFileReference; fileEncoding = 4; lastKnownFileType = sourcecode.c.objc; path = LoginViewController.m; sourceTree = "<group>"; };
		9B5B10111DD615E50014EED6 /* UIViewController+Alerts.h */ = {isa = PBXFileReference; fileEncoding = 4; lastKnownFileType = sourcecode.c.h; path = "UIViewController+Alerts.h"; sourceTree = "<group>"; };
		9B5B10121DD615E60014EED6 /* UIViewController+Alerts.m */ = {isa = PBXFileReference; fileEncoding = 4; lastKnownFileType = sourcecode.c.objc; path = "UIViewController+Alerts.m"; sourceTree = "<group>"; };
		9BB12B291DD4ED8700EBBBC5 /* PetsFeedTableViewController.h */ = {isa = PBXFileReference; fileEncoding = 4; lastKnownFileType = sourcecode.c.h; path = PetsFeedTableViewController.h; sourceTree = "<group>"; };
		9BB12B2A1DD4ED8700EBBBC5 /* PetsFeedTableViewController.m */ = {isa = PBXFileReference; fileEncoding = 4; lastKnownFileType = sourcecode.c.objc; path = PetsFeedTableViewController.m; sourceTree = "<group>"; };
		9F15009D66702282CAC42141 /* Pods-petCemetary.release.xcconfig */ = {isa = PBXFileReference; includeInIndex = 1; lastKnownFileType = text.xcconfig; name = "Pods-petCemetary.release.xcconfig"; path = "Pods/Target Support Files/Pods-petCemetary/Pods-petCemetary.release.xcconfig"; sourceTree = "<group>"; };
		E030DB775DDE0B9F2A0634CC /* Pods-petCemetary.debug.xcconfig */ = {isa = PBXFileReference; includeInIndex = 1; lastKnownFileType = text.xcconfig; name = "Pods-petCemetary.debug.xcconfig"; path = "Pods/Target Support Files/Pods-petCemetary/Pods-petCemetary.debug.xcconfig"; sourceTree = "<group>"; };
/* End PBXFileReference section */

/* Begin PBXFrameworksBuildPhase section */
		9B21FF401DD39C51008AC917 /* Frameworks */ = {
			isa = PBXFrameworksBuildPhase;
			buildActionMask = 2147483647;
			files = (
				769A7380A70BF9129B870911 /* libPods-petCemetary.a in Frameworks */,
			);
			runOnlyForDeploymentPostprocessing = 0;
		};
		9B21FF5C1DD39C51008AC917 /* Frameworks */ = {
			isa = PBXFrameworksBuildPhase;
			buildActionMask = 2147483647;
			files = (
			);
			runOnlyForDeploymentPostprocessing = 0;
		};
		9B21FF671DD39C51008AC917 /* Frameworks */ = {
			isa = PBXFrameworksBuildPhase;
			buildActionMask = 2147483647;
			files = (
			);
			runOnlyForDeploymentPostprocessing = 0;
		};
/* End PBXFrameworksBuildPhase section */

/* Begin PBXGroup section */
		9B21FF3A1DD39C51008AC917 = {
			isa = PBXGroup;
			children = (
				9B21FF451DD39C51008AC917 /* petCemetary */,
				9B21FF621DD39C51008AC917 /* petCemetaryTests */,
				9B21FF6D1DD39C51008AC917 /* petCemetaryUITests */,
				9B21FF441DD39C51008AC917 /* Products */,
				A829BF43B58A3E4C84BF256B /* Pods */,
				A2E96ED74B8C4F4476C7E418 /* Frameworks */,
			);
			sourceTree = "<group>";
		};
		9B21FF441DD39C51008AC917 /* Products */ = {
			isa = PBXGroup;
			children = (
				9B21FF431DD39C51008AC917 /* petCemetary.app */,
				9B21FF5F1DD39C51008AC917 /* petCemetaryTests.xctest */,
				9B21FF6A1DD39C51008AC917 /* petCemetaryUITests.xctest */,
			);
			name = Products;
			sourceTree = "<group>";
		};
		9B21FF451DD39C51008AC917 /* petCemetary */ = {
			isa = PBXGroup;
			children = (
				9B5B100A1DD558BB0014EED6 /* petCemetary.entitlements */,
				9B21FF4F1DD39C51008AC917 /* Main.storyboard */,
				9B5B100E1DD612A00014EED6 /* LoginViewController.h */,
				9B5B100F1DD612A00014EED6 /* LoginViewController.m */,
				9B5B10111DD615E50014EED6 /* UIViewController+Alerts.h */,
				9B5B10121DD615E60014EED6 /* UIViewController+Alerts.m */,
				9BB12B291DD4ED8700EBBBC5 /* PetsFeedTableViewController.h */,
				9BB12B2A1DD4ED8700EBBBC5 /* PetsFeedTableViewController.m */,
				9B21FF551DD39C51008AC917 /* Assets.xcassets */,
				9B21FF571DD39C51008AC917 /* LaunchScreen.storyboard */,
				9B21FF5A1DD39C51008AC917 /* Info.plist */,
				9B5B10081DD551FB0014EED6 /* GoogleService-Info.plist */,
				9B21FF461DD39C51008AC917 /* Supporting Files */,
			);
			path = petCemetary;
			sourceTree = "<group>";
		};
		9B21FF461DD39C51008AC917 /* Supporting Files */ = {
			isa = PBXGroup;
			children = (
				9B21FF491DD39C51008AC917 /* AppDelegate.h */,
				9B21FF4A1DD39C51008AC917 /* AppDelegate.m */,
				9B21FF4C1DD39C51008AC917 /* ViewController.h */,
				9B21FF4D1DD39C51008AC917 /* ViewController.m */,
				9B21FF471DD39C51008AC917 /* main.m */,
			);
			name = "Supporting Files";
			sourceTree = "<group>";
		};
		9B21FF621DD39C51008AC917 /* petCemetaryTests */ = {
			isa = PBXGroup;
			children = (
				9B21FF631DD39C51008AC917 /* petCemetaryTests.m */,
				9B21FF651DD39C51008AC917 /* Info.plist */,
			);
			path = petCemetaryTests;
			sourceTree = "<group>";
		};
		9B21FF6D1DD39C51008AC917 /* petCemetaryUITests */ = {
			isa = PBXGroup;
			children = (
				9B21FF6E1DD39C51008AC917 /* petCemetaryUITests.m */,
				9B21FF701DD39C51008AC917 /* Info.plist */,
			);
			path = petCemetaryUITests;
			sourceTree = "<group>";
		};
		A2E96ED74B8C4F4476C7E418 /* Frameworks */ = {
			isa = PBXGroup;
			children = (
				8C18959F1EAB3AAFAC7DAF2F /* libPods-petCemetary.a */,
			);
			name = Frameworks;
			sourceTree = "<group>";
		};
		A829BF43B58A3E4C84BF256B /* Pods */ = {
			isa = PBXGroup;
			children = (
				E030DB775DDE0B9F2A0634CC /* Pods-petCemetary.debug.xcconfig */,
				9F15009D66702282CAC42141 /* Pods-petCemetary.release.xcconfig */,
			);
			name = Pods;
			sourceTree = "<group>";
		};
/* End PBXGroup section */

/* Begin PBXNativeTarget section */
		9B21FF421DD39C51008AC917 /* petCemetary */ = {
			isa = PBXNativeTarget;
			buildConfigurationList = 9B21FF731DD39C51008AC917 /* Build configuration list for PBXNativeTarget "petCemetary" */;
			buildPhases = (
				E329D38B5F0BF28F4CB70C7F /* [CP] Check Pods Manifest.lock */,
				9B21FF3F1DD39C51008AC917 /* Sources */,
				9B21FF401DD39C51008AC917 /* Frameworks */,
				9B21FF411DD39C51008AC917 /* Resources */,
				DF9A83A760DE47C51CD4A3A9 /* [CP] Embed Pods Frameworks */,
				71419F221D3AD8505401009B /* [CP] Copy Pods Resources */,
			);
			buildRules = (
			);
			dependencies = (
			);
			name = petCemetary;
			productName = petCemetary;
			productReference = 9B21FF431DD39C51008AC917 /* petCemetary.app */;
			productType = "com.apple.product-type.application";
		};
		9B21FF5E1DD39C51008AC917 /* petCemetaryTests */ = {
			isa = PBXNativeTarget;
			buildConfigurationList = 9B21FF761DD39C51008AC917 /* Build configuration list for PBXNativeTarget "petCemetaryTests" */;
			buildPhases = (
				9B21FF5B1DD39C51008AC917 /* Sources */,
				9B21FF5C1DD39C51008AC917 /* Frameworks */,
				9B21FF5D1DD39C51008AC917 /* Resources */,
			);
			buildRules = (
			);
			dependencies = (
				9B21FF611DD39C51008AC917 /* PBXTargetDependency */,
			);
			name = petCemetaryTests;
			productName = petCemetaryTests;
			productReference = 9B21FF5F1DD39C51008AC917 /* petCemetaryTests.xctest */;
			productType = "com.apple.product-type.bundle.unit-test";
		};
		9B21FF691DD39C51008AC917 /* petCemetaryUITests */ = {
			isa = PBXNativeTarget;
			buildConfigurationList = 9B21FF791DD39C51008AC917 /* Build configuration list for PBXNativeTarget "petCemetaryUITests" */;
			buildPhases = (
				9B21FF661DD39C51008AC917 /* Sources */,
				9B21FF671DD39C51008AC917 /* Frameworks */,
				9B21FF681DD39C51008AC917 /* Resources */,
			);
			buildRules = (
			);
			dependencies = (
				9B21FF6C1DD39C51008AC917 /* PBXTargetDependency */,
			);
			name = petCemetaryUITests;
			productName = petCemetaryUITests;
			productReference = 9B21FF6A1DD39C51008AC917 /* petCemetaryUITests.xctest */;
			productType = "com.apple.product-type.bundle.ui-testing";
		};
/* End PBXNativeTarget section */

/* Begin PBXProject section */
		9B21FF3B1DD39C51008AC917 /* Project object */ = {
			isa = PBXProject;
			attributes = {
				LastUpgradeCheck = 0800;
				ORGANIZATIONNAME = melaniemcganney.com;
				TargetAttributes = {
					9B21FF421DD39C51008AC917 = {
						CreatedOnToolsVersion = 8.0;
						DevelopmentTeam = GG272MAP9U;
						ProvisioningStyle = Automatic;
						SystemCapabilities = {
							com.apple.Keychain = {
								enabled = 1;
							};
						};
					};
					9B21FF5E1DD39C51008AC917 = {
						CreatedOnToolsVersion = 8.0;
						DevelopmentTeam = GG272MAP9U;
						ProvisioningStyle = Automatic;
						TestTargetID = 9B21FF421DD39C51008AC917;
					};
					9B21FF691DD39C51008AC917 = {
						CreatedOnToolsVersion = 8.0;
						DevelopmentTeam = GG272MAP9U;
						ProvisioningStyle = Automatic;
						TestTargetID = 9B21FF421DD39C51008AC917;
					};
				};
			};
			buildConfigurationList = 9B21FF3E1DD39C51008AC917 /* Build configuration list for PBXProject "petCemetary" */;
			compatibilityVersion = "Xcode 3.2";
			developmentRegion = English;
			hasScannedForEncodings = 0;
			knownRegions = (
				en,
				Base,
			);
			mainGroup = 9B21FF3A1DD39C51008AC917;
			productRefGroup = 9B21FF441DD39C51008AC917 /* Products */;
			projectDirPath = "";
			projectRoot = "";
			targets = (
				9B21FF421DD39C51008AC917 /* petCemetary */,
				9B21FF5E1DD39C51008AC917 /* petCemetaryTests */,
				9B21FF691DD39C51008AC917 /* petCemetaryUITests */,
			);
		};
/* End PBXProject section */

/* Begin PBXResourcesBuildPhase section */
		9B21FF411DD39C51008AC917 /* Resources */ = {
			isa = PBXResourcesBuildPhase;
			buildActionMask = 2147483647;
			files = (
				9B21FF591DD39C51008AC917 /* LaunchScreen.storyboard in Resources */,
				9B5B10091DD551FB0014EED6 /* GoogleService-Info.plist in Resources */,
				9B21FF561DD39C51008AC917 /* Assets.xcassets in Resources */,
				9B21FF511DD39C51008AC917 /* Main.storyboard in Resources */,
			);
			runOnlyForDeploymentPostprocessing = 0;
		};
		9B21FF5D1DD39C51008AC917 /* Resources */ = {
			isa = PBXResourcesBuildPhase;
			buildActionMask = 2147483647;
			files = (
			);
			runOnlyForDeploymentPostprocessing = 0;
		};
		9B21FF681DD39C51008AC917 /* Resources */ = {
			isa = PBXResourcesBuildPhase;
			buildActionMask = 2147483647;
			files = (
			);
			runOnlyForDeploymentPostprocessing = 0;
		};
/* End PBXResourcesBuildPhase section */

/* Begin PBXShellScriptBuildPhase section */
		71419F221D3AD8505401009B /* [CP] Copy Pods Resources */ = {
			isa = PBXShellScriptBuildPhase;
			buildActionMask = 2147483647;
			files = (
			);
			inputPaths = (
			);
			name = "[CP] Copy Pods Resources";
			outputPaths = (
			);
			runOnlyForDeploymentPostprocessing = 0;
			shellPath = /bin/sh;
			shellScript = "\"${SRCROOT}/Pods/Target Support Files/Pods-petCemetary/Pods-petCemetary-resources.sh\"\n";
			showEnvVarsInLog = 0;
		};
		DF9A83A760DE47C51CD4A3A9 /* [CP] Embed Pods Frameworks */ = {
			isa = PBXShellScriptBuildPhase;
			buildActionMask = 2147483647;
			files = (
			);
			inputPaths = (
			);
			name = "[CP] Embed Pods Frameworks";
			outputPaths = (
			);
			runOnlyForDeploymentPostprocessing = 0;
			shellPath = /bin/sh;
			shellScript = "\"${SRCROOT}/Pods/Target Support Files/Pods-petCemetary/Pods-petCemetary-frameworks.sh\"\n";
			showEnvVarsInLog = 0;
		};
		E329D38B5F0BF28F4CB70C7F /* [CP] Check Pods Manifest.lock */ = {
			isa = PBXShellScriptBuildPhase;
			buildActionMask = 2147483647;
			files = (
			);
			inputPaths = (
			);
			name = "[CP] Check Pods Manifest.lock";
			outputPaths = (
			);
			runOnlyForDeploymentPostprocessing = 0;
			shellPath = /bin/sh;
			shellScript = "diff \"${PODS_ROOT}/../Podfile.lock\" \"${PODS_ROOT}/Manifest.lock\" > /dev/null\nif [[ $? != 0 ]] ; then\n    cat << EOM\nerror: The sandbox is not in sync with the Podfile.lock. Run 'pod install' or update your CocoaPods installation.\nEOM\n    exit 1\nfi\n";
			showEnvVarsInLog = 0;
		};
/* End PBXShellScriptBuildPhase section */

/* Begin PBXSourcesBuildPhase section */
		9B21FF3F1DD39C51008AC917 /* Sources */ = {
			isa = PBXSourcesBuildPhase;
			buildActionMask = 2147483647;
			files = (
				9B21FF4E1DD39C51008AC917 /* ViewController.m in Sources */,
				9B21FF4B1DD39C51008AC917 /* AppDelegate.m in Sources */,
				9B21FF481DD39C51008AC917 /* main.m in Sources */,
				9B5B10131DD615E60014EED6 /* UIViewController+Alerts.m in Sources */,
				9BB12B2B1DD4ED8700EBBBC5 /* PetsFeedTableViewController.m in Sources */,
				9B5B10101DD612A00014EED6 /* LoginViewController.m in Sources */,
			);
			runOnlyForDeploymentPostprocessing = 0;
		};
		9B21FF5B1DD39C51008AC917 /* Sources */ = {
			isa = PBXSourcesBuildPhase;
			buildActionMask = 2147483647;
			files = (
				9B21FF641DD39C51008AC917 /* petCemetaryTests.m in Sources */,
			);
			runOnlyForDeploymentPostprocessing = 0;
		};
		9B21FF661DD39C51008AC917 /* Sources */ = {
			isa = PBXSourcesBuildPhase;
			buildActionMask = 2147483647;
			files = (
				9B21FF6F1DD39C51008AC917 /* petCemetaryUITests.m in Sources */,
			);
			runOnlyForDeploymentPostprocessing = 0;
		};
/* End PBXSourcesBuildPhase section */

/* Begin PBXTargetDependency section */
		9B21FF611DD39C51008AC917 /* PBXTargetDependency */ = {
			isa = PBXTargetDependency;
			target = 9B21FF421DD39C51008AC917 /* petCemetary */;
			targetProxy = 9B21FF601DD39C51008AC917 /* PBXContainerItemProxy */;
		};
		9B21FF6C1DD39C51008AC917 /* PBXTargetDependency */ = {
			isa = PBXTargetDependency;
			target = 9B21FF421DD39C51008AC917 /* petCemetary */;
			targetProxy = 9B21FF6B1DD39C51008AC917 /* PBXContainerItemProxy */;
		};
/* End PBXTargetDependency section */

/* Begin PBXVariantGroup section */
		9B21FF4F1DD39C51008AC917 /* Main.storyboard */ = {
			isa = PBXVariantGroup;
			children = (
				9B21FF501DD39C51008AC917 /* Base */,
			);
			name = Main.storyboard;
			sourceTree = "<group>";
		};
		9B21FF571DD39C51008AC917 /* LaunchScreen.storyboard */ = {
			isa = PBXVariantGroup;
			children = (
				9B21FF581DD39C51008AC917 /* Base */,
			);
			name = LaunchScreen.storyboard;
			sourceTree = "<group>";
		};
/* End PBXVariantGroup section */

/* Begin XCBuildConfiguration section */
		9B21FF711DD39C51008AC917 /* Debug */ = {
			isa = XCBuildConfiguration;
			buildSettings = {
				ALWAYS_SEARCH_USER_PATHS = NO;
				CLANG_ANALYZER_NONNULL = YES;
				CLANG_CXX_LANGUAGE_STANDARD = "gnu++0x";
				CLANG_CXX_LIBRARY = "libc++";
				CLANG_ENABLE_MODULES = YES;
				CLANG_ENABLE_OBJC_ARC = YES;
				CLANG_WARN_BOOL_CONVERSION = YES;
				CLANG_WARN_CONSTANT_CONVERSION = YES;
				CLANG_WARN_DIRECT_OBJC_ISA_USAGE = YES_ERROR;
				CLANG_WARN_DOCUMENTATION_COMMENTS = YES;
				CLANG_WARN_EMPTY_BODY = YES;
				CLANG_WARN_ENUM_CONVERSION = YES;
				CLANG_WARN_INFINITE_RECURSION = YES;
				CLANG_WARN_INT_CONVERSION = YES;
				CLANG_WARN_OBJC_ROOT_CLASS = YES_ERROR;
				CLANG_WARN_SUSPICIOUS_MOVES = YES;
				CLANG_WARN_UNREACHABLE_CODE = YES;
				CLANG_WARN__DUPLICATE_METHOD_MATCH = YES;
				"CODE_SIGN_IDENTITY[sdk=iphoneos*]" = "iPhone Developer";
				COPY_PHASE_STRIP = NO;
				DEBUG_INFORMATION_FORMAT = dwarf;
				ENABLE_STRICT_OBJC_MSGSEND = YES;
				ENABLE_TESTABILITY = YES;
				GCC_C_LANGUAGE_STANDARD = gnu99;
				GCC_DYNAMIC_NO_PIC = NO;
				GCC_NO_COMMON_BLOCKS = YES;
				GCC_OPTIMIZATION_LEVEL = 0;
				GCC_PREPROCESSOR_DEFINITIONS = (
					"DEBUG=1",
					"$(inherited)",
				);
				GCC_WARN_64_TO_32_BIT_CONVERSION = YES;
				GCC_WARN_ABOUT_RETURN_TYPE = YES_ERROR;
				GCC_WARN_UNDECLARED_SELECTOR = YES;
				GCC_WARN_UNINITIALIZED_AUTOS = YES_AGGRESSIVE;
				GCC_WARN_UNUSED_FUNCTION = YES;
				GCC_WARN_UNUSED_VARIABLE = YES;
				IPHONEOS_DEPLOYMENT_TARGET = 10.0;
				MTL_ENABLE_DEBUG_INFO = YES;
				ONLY_ACTIVE_ARCH = YES;
				SDKROOT = iphoneos;
			};
			name = Debug;
		};
		9B21FF721DD39C51008AC917 /* Release */ = {
			isa = XCBuildConfiguration;
			buildSettings = {
				ALWAYS_SEARCH_USER_PATHS = NO;
				CLANG_ANALYZER_NONNULL = YES;
				CLANG_CXX_LANGUAGE_STANDARD = "gnu++0x";
				CLANG_CXX_LIBRARY = "libc++";
				CLANG_ENABLE_MODULES = YES;
				CLANG_ENABLE_OBJC_ARC = YES;
				CLANG_WARN_BOOL_CONVERSION = YES;
				CLANG_WARN_CONSTANT_CONVERSION = YES;
				CLANG_WARN_DIRECT_OBJC_ISA_USAGE = YES_ERROR;
				CLANG_WARN_DOCUMENTATION_COMMENTS = YES;
				CLANG_WARN_EMPTY_BODY = YES;
				CLANG_WARN_ENUM_CONVERSION = YES;
				CLANG_WARN_INFINITE_RECURSION = YES;
				CLANG_WARN_INT_CONVERSION = YES;
				CLANG_WARN_OBJC_ROOT_CLASS = YES_ERROR;
				CLANG_WARN_SUSPICIOUS_MOVES = YES;
				CLANG_WARN_UNREACHABLE_CODE = YES;
				CLANG_WARN__DUPLICATE_METHOD_MATCH = YES;
				"CODE_SIGN_IDENTITY[sdk=iphoneos*]" = "iPhone Developer";
				COPY_PHASE_STRIP = NO;
				DEBUG_INFORMATION_FORMAT = "dwarf-with-dsym";
				ENABLE_NS_ASSERTIONS = NO;
				ENABLE_STRICT_OBJC_MSGSEND = YES;
				GCC_C_LANGUAGE_STANDARD = gnu99;
				GCC_NO_COMMON_BLOCKS = YES;
				GCC_WARN_64_TO_32_BIT_CONVERSION = YES;
				GCC_WARN_ABOUT_RETURN_TYPE = YES_ERROR;
				GCC_WARN_UNDECLARED_SELECTOR = YES;
				GCC_WARN_UNINITIALIZED_AUTOS = YES_AGGRESSIVE;
				GCC_WARN_UNUSED_FUNCTION = YES;
				GCC_WARN_UNUSED_VARIABLE = YES;
				IPHONEOS_DEPLOYMENT_TARGET = 10.0;
				MTL_ENABLE_DEBUG_INFO = NO;
				SDKROOT = iphoneos;
				VALIDATE_PRODUCT = YES;
			};
			name = Release;
		};
		9B21FF741DD39C51008AC917 /* Debug */ = {
			isa = XCBuildConfiguration;
			baseConfigurationReference = E030DB775DDE0B9F2A0634CC /* Pods-petCemetary.debug.xcconfig */;
			buildSettings = {
				ASSETCATALOG_COMPILER_APPICON_NAME = AppIcon;
				CODE_SIGN_ENTITLEMENTS = petCemetary/petCemetary.entitlements;
				DEVELOPMENT_TEAM = GG272MAP9U;
				INFOPLIST_FILE = petCemetary/Info.plist;
				LD_RUNPATH_SEARCH_PATHS = "$(inherited) @executable_path/Frameworks";
				PRODUCT_BUNDLE_IDENTIFIER = com.melaniemcganney.petCemetary;
				PRODUCT_NAME = "$(TARGET_NAME)";
			};
			name = Debug;
		};
		9B21FF751DD39C51008AC917 /* Release */ = {
			isa = XCBuildConfiguration;
			baseConfigurationReference = 9F15009D66702282CAC42141 /* Pods-petCemetary.release.xcconfig */;
			buildSettings = {
				ASSETCATALOG_COMPILER_APPICON_NAME = AppIcon;
				CODE_SIGN_ENTITLEMENTS = petCemetary/petCemetary.entitlements;
				DEVELOPMENT_TEAM = GG272MAP9U;
				INFOPLIST_FILE = petCemetary/Info.plist;
				LD_RUNPATH_SEARCH_PATHS = "$(inherited) @executable_path/Frameworks";
				PRODUCT_BUNDLE_IDENTIFIER = com.melaniemcganney.petCemetary;
				PRODUCT_NAME = "$(TARGET_NAME)";
			};
			name = Release;
		};
		9B21FF771DD39C51008AC917 /* Debug */ = {
			isa = XCBuildConfiguration;
			buildSettings = {
				BUNDLE_LOADER = "$(TEST_HOST)";
				DEVELOPMENT_TEAM = GG272MAP9U;
				INFOPLIST_FILE = petCemetaryTests/Info.plist;
				LD_RUNPATH_SEARCH_PATHS = "$(inherited) @executable_path/Frameworks @loader_path/Frameworks";
				PRODUCT_BUNDLE_IDENTIFIER = com.melaniemcganney.petCemetaryTests;
				PRODUCT_NAME = "$(TARGET_NAME)";
				TEST_HOST = "$(BUILT_PRODUCTS_DIR)/petCemetary.app/petCemetary";
			};
			name = Debug;
		};
		9B21FF781DD39C51008AC917 /* Release */ = {
			isa = XCBuildConfiguration;
			buildSettings = {
				BUNDLE_LOADER = "$(TEST_HOST)";
				DEVELOPMENT_TEAM = GG272MAP9U;
				INFOPLIST_FILE = petCemetaryTests/Info.plist;
				LD_RUNPATH_SEARCH_PATHS = "$(inherited) @executable_path/Frameworks @loader_path/Frameworks";
				PRODUCT_BUNDLE_IDENTIFIER = com.melaniemcganney.petCemetaryTests;
				PRODUCT_NAME = "$(TARGET_NAME)";
				TEST_HOST = "$(BUILT_PRODUCTS_DIR)/petCemetary.app/petCemetary";
			};
			name = Release;
		};
		9B21FF7A1DD39C51008AC917 /* Debug */ = {
			isa = XCBuildConfiguration;
			buildSettings = {
				DEVELOPMENT_TEAM = GG272MAP9U;
				INFOPLIST_FILE = petCemetaryUITests/Info.plist;
				LD_RUNPATH_SEARCH_PATHS = "$(inherited) @executable_path/Frameworks @loader_path/Frameworks";
				PRODUCT_BUNDLE_IDENTIFIER = com.melaniemcganney.petCemetaryUITests;
				PRODUCT_NAME = "$(TARGET_NAME)";
				TEST_TARGET_NAME = petCemetary;
			};
			name = Debug;
		};
		9B21FF7B1DD39C51008AC917 /* Release */ = {
			isa = XCBuildConfiguration;
			buildSettings = {
				DEVELOPMENT_TEAM = GG272MAP9U;
				INFOPLIST_FILE = petCemetaryUITests/Info.plist;
				LD_RUNPATH_SEARCH_PATHS = "$(inherited) @executable_path/Frameworks @loader_path/Frameworks";
				PRODUCT_BUNDLE_IDENTIFIER = com.melaniemcganney.petCemetaryUITests;
				PRODUCT_NAME = "$(TARGET_NAME)";
				TEST_TARGET_NAME = petCemetary;
			};
			name = Release;
		};
/* End XCBuildConfiguration section */

/* Begin XCConfigurationList section */
		9B21FF3E1DD39C51008AC917 /* Build configuration list for PBXProject "petCemetary" */ = {
			isa = XCConfigurationList;
			buildConfigurations = (
				9B21FF711DD39C51008AC917 /* Debug */,
				9B21FF721DD39C51008AC917 /* Release */,
			);
			defaultConfigurationIsVisible = 0;
			defaultConfigurationName = Release;
		};
		9B21FF731DD39C51008AC917 /* Build configuration list for PBXNativeTarget "petCemetary" */ = {
			isa = XCConfigurationList;
			buildConfigurations = (
				9B21FF741DD39C51008AC917 /* Debug */,
				9B21FF751DD39C51008AC917 /* Release */,
			);
			defaultConfigurationIsVisible = 0;
			defaultConfigurationName = Release;
		};
		9B21FF761DD39C51008AC917 /* Build configuration list for PBXNativeTarget "petCemetaryTests" */ = {
			isa = XCConfigurationList;
			buildConfigurations = (
				9B21FF771DD39C51008AC917 /* Debug */,
				9B21FF781DD39C51008AC917 /* Release */,
			);
			defaultConfigurationIsVisible = 0;
			defaultConfigurationName = Release;
		};
		9B21FF791DD39C51008AC917 /* Build configuration list for PBXNativeTarget "petCemetaryUITests" */ = {
			isa = XCConfigurationList;
			buildConfigurations = (
				9B21FF7A1DD39C51008AC917 /* Debug */,
				9B21FF7B1DD39C51008AC917 /* Release */,
			);
			defaultConfigurationIsVisible = 0;
			defaultConfigurationName = Release;
		};
/* End XCConfigurationList section */
	};
	rootObject = 9B21FF3B1DD39C51008AC917 /* Project object */;
}
